
Microsoft Visual Studio Solution File, Format Version 12.00
# Visual Studio Version 17
VisualStudioVersion = 17.14.36414.22 d17.14
MinimumVisualStudioVersion = 10.0.40219.1
Project("{FAE04EC0-301F-11D3-BF4B-00C04F79EFBC}") = "CursoLINQ", "CursoLINQ\CursoLINQ.csproj", "{F897A50B-1569-4252-A18D-2D7175CC9D45}"
EndProject
Global
	GlobalSection(SolutionConfigurationPlatforms) = preSolution
		Debug|Any CPU = Debug|Any CPU
		Release|Any CPU = Release|Any CPU
	EndGlobalSection
	GlobalSection(ProjectConfigurationPlatforms) = postSolution
		{F897A50B-1569-4252-A18D-2D7175CC9D45}.Debug|Any CPU.ActiveCfg = Debug|Any CPU
		{F897A50B-1569-4252-A18D-2D7175CC9D45}.Debug|Any CPU.Build.0 = Debug|Any CPU
		{F897A50B-1569-4252-A18D-2D7175CC9D45}.Release|Any CPU.ActiveCfg = Release|Any CPU
		{F897A50B-1569-4252-A18D-2D7175CC9D45}.Release|Any CPU.Build.0 = Release|Any CPU
	EndGlobalSection
	GlobalSection(SolutionProperties) = preSolution
		HideSolutionNode = FALSE
	EndGlobalSection
	GlobalSection(ExtensibilityGlobals) = postSolution
		SolutionGuid = {D2B78D42-5B7B-478D-8A45-DBD1B933A2E9}
	EndGlobalSection
EndGlobal
